
Microsoft Visual Studio Solution File, Format Version 11.00
# Visual Studio 2010
Project("{8BC9CEB8-8B4A-11D0-8D11-00A0C91BC942}") = "gl_particles", "gl_particles.vcxproj", "{3001353A-D11B-474D-9179-FCA1716F0B1D}"
	ProjectSection(ProjectDependencies) = postProject
		{73985B8D-A628-4CB0-B9BE-B18110E34F9C} = {73985B8D-A628-4CB0-B9BE-B18110E34F9C}
	EndProjectSection
EndProject
Project("{8BC9CEB8-8B4A-11D0-8D11-00A0C91BC942}") = "clu_generator", "..\..\clu_generator\clu_generator.vcxproj", "{73985B8D-A628-4CB0-B9BE-B18110E34F9C}"
EndProject
Global
	GlobalSection(SolutionConfigurationPlatforms) = preSolution
		Debug|Win32 = Debug|Win32
		Release|Win32 = Release|Win32
	EndGlobalSection
	GlobalSection(ProjectConfigurationPlatforms) = postSolution
		{3001353A-D11B-474D-9179-FCA1716F0B1D}.Debug|Win32.ActiveCfg = Debug|Win32
		{3001353A-D11B-474D-9179-FCA1716F0B1D}.Debug|Win32.Build.0 = Debug|Win32
		{3001353A-D11B-474D-9179-FCA1716F0B1D}.Release|Win32.ActiveCfg = Release|Win32
		{3001353A-D11B-474D-9179-FCA1716F0B1D}.Release|Win32.Build.0 = Release|Win32
		{73985B8D-A628-4CB0-B9BE-B18110E34F9C}.Debug|Win32.ActiveCfg = Debug|Win32
		{73985B8D-A628-4CB0-B9BE-B18110E34F9C}.Debug|Win32.Build.0 = Debug|Win32
		{73985B8D-A628-4CB0-B9BE-B18110E34F9C}.Release|Win32.ActiveCfg = Release|Win32
		{73985B8D-A628-4CB0-B9BE-B18110E34F9C}.Release|Win32.Build.0 = Release|Win32
	EndGlobalSection
	GlobalSection(SolutionProperties) = preSolution
		HideSolutionNode = FALSE
	EndGlobalSection
EndGlobal
