<?xml version="1.0" encoding="utf-8"?>
<Project ToolsVersion="4.0" xmlns="http://schemas.microsoft.com/developer/msbuild/2003">
  <ItemGroup>
    <Filter Include="Source Files">
      <UniqueIdentifier>{4FC737F1-C7A5-4376-A066-2A32D752A2FF}</UniqueIdentifier>
      <Extensions>cpp;c;cc;cxx;def;odl;idl;hpj;bat;asm;asmx</Extensions>
    </Filter>
    <Filter Include="Header Files">
      <UniqueIdentifier>{93995380-89BD-4b04-88EB-625FBE52EBFB}</UniqueIdentifier>
      <Extensions>h;hpp;hxx;hm;inl;inc;xsd</Extensions>
    </Filter>
    <Filter Include="libraries">
      <UniqueIdentifier>{67DA6AB6-F800-4c08-8B7A-83BB121AAD01}</UniqueIdentifier>
      <Extensions>rc;ico;cur;bmp;dlg;rc2;rct;bin;rgs;gif;jpg;jpeg;jpe;resx;tiff;tif;png;wav;mfcribbon-ms</Extensions>
    </Filter>
    <Filter Include="shaders">
      <UniqueIdentifier>{49701d47-e780-43a9-a04a-7849c4dbf2c6}</UniqueIdentifier>
    </Filter>
  </ItemGroup>
  <ItemGroup>
    <ClInclude Include="..\lib\display\SampleWindow.h">
      <Filter>libraries</Filter>
    </ClInclude>
    <ClInclude Include="..\lib\math\mathlib.h">
      <Filter>libraries</Filter>
    </ClInclude>
    <ClInclude Include="RenderGL.h">
      <Filter>Header Files</Filter>
    </ClInclude>
    <ClInclude Include="Simulate.cl.h">
      <Filter>Header Files</Filter>
    </ClInclude>
    <ClInclude Include="SimulateCL.h">
      <Filter>Header Files</Filter>
    </ClInclude>
    <ClInclude Include="..\lib\display\GLContext.h">
      <Filter>libraries</Filter>
    </ClInclude>
  </ItemGroup>
  <ItemGroup>
    <CustomBuild Include="Simulate.cl">
      <Filter>shaders</Filter>
    </CustomBuild>
  </ItemGroup>
  <ItemGroup>
    <ClCompile Include="gl_particles_main.cpp">
      <Filter>Source Files</Filter>
    </ClCompile>
    <ClCompile Include="SimulateCL.cpp">
      <Filter>Source Files</Filter>
    </ClCompile>
    <ClCompile Include="RenderGL.cpp">
      <Filter>Source Files</Filter>
    </ClCompile>
    <ClCompile Include="..\lib\glew-1.7.0\src\glew.c">
      <Filter>libraries</Filter>
    </ClCompile>
    <ClCompile Include="..\..\clu_runtime\clu_runtime.cpp">
      <Filter>libraries</Filter>
    </ClCompile>
  </ItemGroup>
  <ItemGroup>
    <None Include="ParticleFS.gl">
      <Filter>shaders</Filter>
    </None>
    <None Include="ParticleVS.gl">
      <Filter>shaders</Filter>
    </None>
    <None Include="Readme.txt" />
  </ItemGroup>
</Project>